
Microsoft Visual Studio Solution File, Format Version 12.00
# Visual Studio 15
VisualStudioVersion = 15.0.28307.1082
MinimumVisualStudioVersion = 10.0.40219.1
Project("{FAE04EC0-301F-11D3-BF4B-00C04F79EFBC}") = "adilRouibet_s00189549", "adilRouibet_s00189549\adilRouibet_s00189549.csproj", "{16529BB1-3325-4469-821B-9F52FC47AD93}"
EndProject
Project("{FAE04EC0-301F-11D3-BF4B-00C04F79EFBC}") = "UnitTestProject1", "UnitTestProject1\UnitTestProject1.csproj", "{851770A9-7413-4DB1-B4D7-1C4AF9E286FB}"
EndProject
Global
	GlobalSection(SolutionConfigurationPlatforms) = preSolution
		Debug|Any CPU = Debug|Any CPU
		Release|Any CPU = Release|Any CPU
	EndGlobalSection
	GlobalSection(ProjectConfigurationPlatforms) = postSolution
		{16529BB1-3325-4469-821B-9F52FC47AD93}.Debug|Any CPU.ActiveCfg = Debug|Any CPU
		{16529BB1-3325-4469-821B-9F52FC47AD93}.Debug|Any CPU.Build.0 = Debug|Any CPU
		{16529BB1-3325-4469-821B-9F52FC47AD93}.Release|Any CPU.ActiveCfg = Release|Any CPU
		{16529BB1-3325-4469-821B-9F52FC47AD93}.Release|Any CPU.Build.0 = Release|Any CPU
		{851770A9-7413-4DB1-B4D7-1C4AF9E286FB}.Debug|Any CPU.ActiveCfg = Debug|Any CPU
		{851770A9-7413-4DB1-B4D7-1C4AF9E286FB}.Debug|Any CPU.Build.0 = Debug|Any CPU
		{851770A9-7413-4DB1-B4D7-1C4AF9E286FB}.Release|Any CPU.ActiveCfg = Release|Any CPU
		{851770A9-7413-4DB1-B4D7-1C4AF9E286FB}.Release|Any CPU.Build.0 = Release|Any CPU
	EndGlobalSection
	GlobalSection(SolutionProperties) = preSolution
		HideSolutionNode = FALSE
	EndGlobalSection
	GlobalSection(ExtensibilityGlobals) = postSolution
		SolutionGuid = {64C052C2-17EC-4F51-9F5A-2147760B39A3}
	EndGlobalSection
EndGlobal
